
Microsoft Visual Studio Solution File, Format Version 12.00
# Visual Studio Version 17
VisualStudioVersion = 17.0.31903.59
MinimumVisualStudioVersion = 10.0.40219.1
Project("{FAE04EC0-301F-11D3-BF4B-00C04F79EFBC}") = "DotnetComp", "DotnetComp\DotnetComp.csproj", "{5753497C-47D5-40F7-B26B-195A2B85709E}"
EndProject
Project("{FAE04EC0-301F-11D3-BF4B-00C04F79EFBC}") = "DotnetComp.Tests", "DotnetComp.Tests\DotnetComp.Tests.csproj", "{1AC79AAB-22E6-4805-96E9-79A3ADD66AE1}"
EndProject
Global
	GlobalSection(SolutionConfigurationPlatforms) = preSolution
		Debug|Any CPU = Debug|Any CPU
		Release|Any CPU = Release|Any CPU
	EndGlobalSection
	GlobalSection(SolutionProperties) = preSolution
		HideSolutionNode = FALSE
	EndGlobalSection
	GlobalSection(ProjectConfigurationPlatforms) = postSolution
		{5753497C-47D5-40F7-B26B-195A2B85709E}.Debug|Any CPU.ActiveCfg = Debug|Any CPU
		{5753497C-47D5-40F7-B26B-195A2B85709E}.Debug|Any CPU.Build.0 = Debug|Any CPU
		{5753497C-47D5-40F7-B26B-195A2B85709E}.Release|Any CPU.ActiveCfg = Release|Any CPU
		{5753497C-47D5-40F7-B26B-195A2B85709E}.Release|Any CPU.Build.0 = Release|Any CPU
		{1AC79AAB-22E6-4805-96E9-79A3ADD66AE1}.Debug|Any CPU.ActiveCfg = Debug|Any CPU
		{1AC79AAB-22E6-4805-96E9-79A3ADD66AE1}.Debug|Any CPU.Build.0 = Debug|Any CPU
		{1AC79AAB-22E6-4805-96E9-79A3ADD66AE1}.Release|Any CPU.ActiveCfg = Release|Any CPU
		{1AC79AAB-22E6-4805-96E9-79A3ADD66AE1}.Release|Any CPU.Build.0 = Release|Any CPU
	EndGlobalSection
EndGlobal
